
Microsoft Visual Studio Solution File, Format Version 12.00
# Visual Studio Version 17
VisualStudioVersion = 17.4.33213.308
MinimumVisualStudioVersion = 10.0.40219.1
Project("{FAE04EC0-301F-11D3-BF4B-00C04F79EFBC}") = "SLF", "SLF.csproj", "{56900907-8C82-496F-937E-63839AABAB48}"
EndProject
Project("{54435603-DBB4-11D2-8724-00A0C9A8B90C}") = "SLFSetup", "..\SLFSetup\SLFSetup.vdproj", "{5E9C0E92-CCD2-46B6-A6D3-163183273B14}"
EndProject
Project("{54435603-DBB4-11D2-8724-00A0C9A8B90C}") = "SLFSetup2", "..\SLFSetup2\SLFSetup2.vdproj", "{2E56E40D-42E4-4F50-89FA-2316E158AC18}"
EndProject
Global
	GlobalSection(SolutionConfigurationPlatforms) = preSolution
		Debug|Any CPU = Debug|Any CPU
		Release|Any CPU = Release|Any CPU
	EndGlobalSection
	GlobalSection(ProjectConfigurationPlatforms) = postSolution
		{56900907-8C82-496F-937E-63839AABAB48}.Debug|Any CPU.ActiveCfg = Debug|Any CPU
		{56900907-8C82-496F-937E-63839AABAB48}.Debug|Any CPU.Build.0 = Debug|Any CPU
		{56900907-8C82-496F-937E-63839AABAB48}.Release|Any CPU.ActiveCfg = Release|Any CPU
		{56900907-8C82-496F-937E-63839AABAB48}.Release|Any CPU.Build.0 = Release|Any CPU
		{5E9C0E92-CCD2-46B6-A6D3-163183273B14}.Debug|Any CPU.ActiveCfg = Debug
		{5E9C0E92-CCD2-46B6-A6D3-163183273B14}.Release|Any CPU.ActiveCfg = Release
		{2E56E40D-42E4-4F50-89FA-2316E158AC18}.Debug|Any CPU.ActiveCfg = Debug
		{2E56E40D-42E4-4F50-89FA-2316E158AC18}.Release|Any CPU.ActiveCfg = Release
	EndGlobalSection
	GlobalSection(SolutionProperties) = preSolution
		HideSolutionNode = FALSE
	EndGlobalSection
	GlobalSection(ExtensibilityGlobals) = postSolution
		SolutionGuid = {31A0987B-9E90-4F01-9417-C2934A0907F6}
	EndGlobalSection
EndGlobal
